
Microsoft Visual Studio Solution File, Format Version 12.00
# Visual Studio 14
VisualStudioVersion = 14.0.24720.0
MinimumVisualStudioVersion = 10.0.40219.1
Project("{FAE04EC0-301F-11D3-BF4B-00C04F79EFBC}") = "DataGridAndMvvm01", "DataGridAndMvvm01\DataGridAndMvvm01.csproj", "{AB3E31DB-A59A-48F2-8D5C-2B169B9481ED}"
EndProject
Global
	GlobalSection(SolutionConfigurationPlatforms) = preSolution
		Debug|Any CPU = Debug|Any CPU
		Release|Any CPU = Release|Any CPU
	EndGlobalSection
	GlobalSection(ProjectConfigurationPlatforms) = postSolution
		{AB3E31DB-A59A-48F2-8D5C-2B169B9481ED}.Debug|Any CPU.ActiveCfg = Debug|Any CPU
		{AB3E31DB-A59A-48F2-8D5C-2B169B9481ED}.Debug|Any CPU.Build.0 = Debug|Any CPU
		{AB3E31DB-A59A-48F2-8D5C-2B169B9481ED}.Release|Any CPU.ActiveCfg = Release|Any CPU
		{AB3E31DB-A59A-48F2-8D5C-2B169B9481ED}.Release|Any CPU.Build.0 = Release|Any CPU
	EndGlobalSection
	GlobalSection(SolutionProperties) = preSolution
		HideSolutionNode = FALSE
	EndGlobalSection
EndGlobal
